{
  "name": "@escemi/humanize-resume",
  "version": "1.0.0",
  "lockfileVersion": 3,
  "requires": true,
  "packages": {
    "": {
      "name": "@escemi/humanize-resume",
      "version": "1.0.0",
      "dependencies": {
        "humanize-ai-lib": "^1.0.0"
      }
    },
    "node_modules/humanize-ai-lib": {
      "version": "1.0.0",
      "resolved": "https://registry.npmjs.org/humanize-ai-lib/-/humanize-ai-lib-1.0.0.tgz",
      "integrity": "sha512-LahOO1Uqn53TC8CRb6NE0yp0d9x9mTpfU66tRVAchYEy2rAFyJQW9mm+zUmsVbsJWR8RUgIzDLD6ldexWkiGQw==",
      "license": "MIT"
    }
  }
}
